// !$*UTF8*$!
{
	archiveVersion = 1;
	classes = {
	};
	objectVersion = 46;
	objects = {

/* Begin PBXBuildFile section */
		F8179EF11E41623000DB7852 /* AppDelegate.swift in Sources */ = {isa = PBXBuildFile; fileRef = F8179EF01E41623000DB7852 /* AppDelegate.swift */; };
		F8179EF31E41623000DB7852 /* ViewController.swift in Sources */ = {isa = PBXBuildFile; fileRef = F8179EF21E41623000DB7852 /* ViewController.swift */; };
		F8179EF61E41623000DB7852 /* Main.storyboard in Resources */ = {isa = PBXBuildFile; fileRef = F8179EF41E41623000DB7852 /* Main.storyboard */; };
		F8179EF81E41623000DB7852 /* Assets.xcassets in Resources */ = {isa = PBXBuildFile; fileRef = F8179EF71E41623000DB7852 /* Assets.xcassets */; };
		F8179EFB1E41623000DB7852 /* LaunchScreen.storyboard in Resources */ = {isa = PBXBuildFile; fileRef = F8179EF91E41623000DB7852 /* LaunchScreen.storyboard */; };
/* End PBXBuildFile section */

/* Begin PBXFileReference section */
		F8179EED1E41623000DB7852 /* HideMe.app */ = {isa = PBXFileReference; explicitFileType = wrapper.application; includeInIndex = 0; path = HideMe.app; sourceTree = BUILT_PRODUCTS_DIR; };
		F8179EF01E41623000DB7852 /* AppDelegate.swift */ = {isa = PBXFileReference; lastKnownFileType = sourcecode.swift; path = AppDelegate.swift; sourceTree = "<group>"; };
		F8179EF21E41623000DB7852 /* ViewController.swift */ = {isa = PBXFileReference; lastKnownFileType = sourcecode.swift; path = ViewController.swift; sourceTree = "<group>"; };
		F8179EF51E41623000DB7852 /* Base */ = {isa = PBXFileReference; lastKnownFileType = file.storyboard; name = Base; path = Base.lproj/Main.storyboard; sourceTree = "<group>"; };
		F8179EF71E41623000DB7852 /* Assets.xcassets */ = {isa = PBXFileReference; lastKnownFileType = folder.assetcatalog; path = Assets.xcassets; sourceTree = "<group>"; };
		F8179EFA1E41623000DB7852 /* Base */ = {isa = PBXFileReference; lastKnownFileType = file.storyboard; name = Base; path = Base.lproj/LaunchScreen.storyboard; sourceTree = "<group>"; };
		F8179EFC1E41623000DB7852 /* Info.plist */ = {isa = PBXFileReference; lastKnownFileType = text.plist.xml; path = Info.plist; sourceTree = "<group>"; };
/* End PBXFileReference section */

/* Begin PBXFrameworksBuildPhase section */
		F8179EEA1E41623000DB7852 /* Frameworks */ = {
			isa = PBXFrameworksBuildPhase;
			buildActionMask = 2147483647;
			files = (
			);
			runOnlyForDeploymentPostprocessing = 0;
		};
/* End PBXFrameworksBuildPhase section */

/* Begin PBXGroup section */
		F8179EE41E41622F00DB7852 = {
			isa = PBXGroup;
			children = (
				F8179EEF1E41623000DB7852 /* HideMe */,
				F8179EEE1E41623000DB7852 /* Products */,
			);
			sourceTree = "<group>";
		};
		F8179EEE1E41623000DB7852 /* Products */ = {
			isa = PBXGroup;
			children = (
				F8179EED1E41623000DB7852 /* HideMe.app */,
			);
			name = Products;
			sourceTree = "<group>";
		};
		F8179EEF1E41623000DB7852 /* HideMe */ = {
			isa = PBXGroup;
			children = (
				F8179EF01E41623000DB7852 /* AppDelegate.swift */,
				F8179EF21E41623000DB7852 /* ViewController.swift */,
				F8179EF41E41623000DB7852 /* Main.storyboard */,
				F8179EF71E41623000DB7852 /* Assets.xcassets */,
				F8179EF91E41623000DB7852 /* LaunchScreen.storyboard */,
				F8179EFC1E41623000DB7852 /* Info.plist */,
			);
			path = HideMe;
			sourceTree = "<group>";
		};
/* End PBXGroup section */

/* Begin PBXNativeTarget section */
		F8179EEC1E41623000DB7852 /* HideMe */ = {
			isa = PBXNativeTarget;
			buildConfigurationList = F8179EFF1E41623000DB7852 /* Build configuration list for PBXNativeTarget "HideMe" */;
			buildPhases = (
				F8179EE91E41623000DB7852 /* Sources */,
				F8179EEA1E41623000DB7852 /* Frameworks */,
				F8179EEB1E41623000DB7852 /* Resources */,
			);
			buildRules = (
			);
			dependencies = (
			);
			name = HideMe;
			productName = HideMe;
			productReference = F8179EED1E41623000DB7852 /* HideMe.app */;
			productType = "com.apple.product-type.application";
		};
/* End PBXNativeTarget section */

/* Begin PBXProject section */
		F8179EE51E41622F00DB7852 /* Project object */ = {
			isa = PBXProject;
			attributes = {
				LastSwiftUpdateCheck = 0830;
				LastUpgradeCheck = 0830;
				ORGANIZATIONNAME = yvesbinda;
				TargetAttributes = {
					F8179EEC1E41623000DB7852 = {
						CreatedOnToolsVersion = 8.3;
						DevelopmentTeam = WE96DN98CR;
						ProvisioningStyle = Automatic;
					};
				};
			};
			buildConfigurationList = F8179EE81E41622F00DB7852 /* Build configuration list for PBXProject "HideMe" */;
			compatibilityVersion = "Xcode 3.2";
			developmentRegion = English;
			hasScannedForEncodings = 0;
			knownRegions = (
				en,
				Base,
			);
			mainGroup = F8179EE41E41622F00DB7852;
			productRefGroup = F8179EEE1E41623000DB7852 /* Products */;
			projectDirPath = "";
			projectRoot = "";
			targets = (
				F8179EEC1E41623000DB7852 /* HideMe */,
			);
		};
/* End PBXProject section */

/* Begin PBXResourcesBuildPhase section */
		F8179EEB1E41623000DB7852 /* Resources */ = {
			isa = PBXResourcesBuildPhase;
			buildActionMask = 2147483647;
			files = (
				F8179EFB1E41623000DB7852 /* LaunchScreen.storyboard in Resources */,
				F8179EF81E41623000DB7852 /* Assets.xcassets in Resources */,
				F8179EF61E41623000DB7852 /* Main.storyboard in Resources */,
			);
			runOnlyForDeploymentPostprocessing = 0;
		};
/* End PBXResourcesBuildPhase section */

/* Begin PBXSourcesBuildPhase section */
		F8179EE91E41623000DB7852 /* Sources */ = {
			isa = PBXSourcesBuildPhase;
			buildActionMask = 2147483647;
			files = (
				F8179EF31E41623000DB7852 /* ViewController.swift in Sources */,
				F8179EF11E41623000DB7852 /* AppDelegate.swift in Sources */,
			);
			runOnlyForDeploymentPostprocessing = 0;
		};
/* End PBXSourcesBuildPhase section */

/* Begin PBXVariantGroup section */
		F8179EF41E41623000DB7852 /* Main.storyboard */ = {
			isa = PBXVariantGroup;
			children = (
				F8179EF51E41623000DB7852 /* Base */,
			);
			name = Main.storyboard;
			sourceTree = "<group>";
		};
		F8179EF91E41623000DB7852 /* LaunchScreen.storyboard */ = {
			isa = PBXVariantGroup;
			children = (
				F8179EFA1E41623000DB7852 /* Base */,
			);
			name = LaunchScreen.storyboard;
			sourceTree = "<group>";
		};
/* End PBXVariantGroup section */

/* Begin XCBuildConfiguration section */
		F8179EFD1E41623000DB7852 /* Debug */ = {
			isa = XCBuildConfiguration;
			buildSettings = {
				ALWAYS_SEARCH_USER_PATHS = NO;
				CLANG_ANALYZER_NONNULL = YES;
				CLANG_ANALYZER_NUMBER_OBJECT_CONVERSION = YES_AGGRESSIVE;
				CLANG_CXX_LANGUAGE_STANDARD = "gnu++0x";
				CLANG_CXX_LIBRARY = "libc++";
				CLANG_ENABLE_MODULES = YES;
				CLANG_ENABLE_OBJC_ARC = YES;
				CLANG_WARN_BOOL_CONVERSION = YES;
				CLANG_WARN_CONSTANT_CONVERSION = YES;
				CLANG_WARN_DIRECT_OBJC_ISA_USAGE = YES_ERROR;
				CLANG_WARN_DOCUMENTATION_COMMENTS = YES;
				CLANG_WARN_EMPTY_BODY = YES;
				CLANG_WARN_ENUM_CONVERSION = YES;
				CLANG_WARN_INFINITE_RECURSION = YES;
				CLANG_WARN_INT_CONVERSION = YES;
				CLANG_WARN_OBJC_ROOT_CLASS = YES_ERROR;
				CLANG_WARN_SUSPICIOUS_MOVE = YES;
				CLANG_WARN_UNREACHABLE_CODE = YES;
				CLANG_WARN__DUPLICATE_METHOD_MATCH = YES;
				"CODE_SIGN_IDENTITY[sdk=iphoneos*]" = "iPhone Developer";
				COPY_PHASE_STRIP = NO;
				DEBUG_INFORMATION_FORMAT = dwarf;
				ENABLE_STRICT_OBJC_MSGSEND = YES;
				ENABLE_TESTABILITY = YES;
				GCC_C_LANGUAGE_STANDARD = gnu99;
				GCC_DYNAMIC_NO_PIC = NO;
				GCC_NO_COMMON_BLOCKS = YES;
				GCC_OPTIMIZATION_LEVEL = 0;
				GCC_PREPROCESSOR_DEFINITIONS = (
					"DEBUG=1",
					"$(inherited)",
				);
				GCC_WARN_64_TO_32_BIT_CONVERSION = YES;
				GCC_WARN_ABOUT_RETURN_TYPE = YES_ERROR;
				GCC_WARN_UNDECLARED_SELECTOR = YES;
				GCC_WARN_UNINITIALIZED_AUTOS = YES_AGGRESSIVE;
				GCC_WARN_UNUSED_FUNCTION = YES;
				GCC_WARN_UNUSED_VARIABLE = YES;
				IPHONEOS_DEPLOYMENT_TARGET = 10.3;
				MTL_ENABLE_DEBUG_INFO = YES;
				ONLY_ACTIVE_ARCH = YES;
				SDKROOT = iphoneos;
				SWIFT_ACTIVE_COMPILATION_CONDITIONS = DEBUG;
				SWIFT_OPTIMIZATION_LEVEL = "-Onone";
			};
			name = Debug;
		};
		F8179EFE1E41623000DB7852 /* Release */ = {
			isa = XCBuildConfiguration;
			buildSettings = {
				ALWAYS_SEARCH_USER_PATHS = NO;
				CLANG_ANALYZER_NONNULL = YES;
				CLANG_ANALYZER_NUMBER_OBJECT_CONVERSION = YES_AGGRESSIVE;
				CLANG_CXX_LANGUAGE_STANDARD = "gnu++0x";
				CLANG_CXX_LIBRARY = "libc++";
				CLANG_ENABLE_MODULES = YES;
				CLANG_ENABLE_OBJC_ARC = YES;
				CLANG_WARN_BOOL_CONVERSION = YES;
				CLANG_WARN_CONSTANT_CONVERSION = YES;
				CLANG_WARN_DIRECT_OBJC_ISA_USAGE = YES_ERROR;
				CLANG_WARN_DOCUMENTATION_COMMENTS = YES;
				CLANG_WARN_EMPTY_BODY = YES;
				CLANG_WARN_ENUM_CONVERSION = YES;
				CLANG_WARN_INFINITE_RECURSION = YES;
				CLANG_WARN_INT_CONVERSION = YES;
				CLANG_WARN_OBJC_ROOT_CLASS = YES_ERROR;
				CLANG_WARN_SUSPICIOUS_MOVE = YES;
				CLANG_WARN_UNREACHABLE_CODE = YES;
				CLANG_WARN__DUPLICATE_METHOD_MATCH = YES;
				"CODE_SIGN_IDENTITY[sdk=iphoneos*]" = "iPhone Developer";
				COPY_PHASE_STRIP = NO;
				DEBUG_INFORMATION_FORMAT = "dwarf-with-dsym";
				ENABLE_NS_ASSERTIONS = NO;
				ENABLE_STRICT_OBJC_MSGSEND = YES;
				GCC_C_LANGUAGE_STANDARD = gnu99;
				GCC_NO_COMMON_BLOCKS = YES;
				GCC_WARN_64_TO_32_BIT_CONVERSION = YES;
				GCC_WARN_ABOUT_RETURN_TYPE = YES_ERROR;
				GCC_WARN_UNDECLARED_SELECTOR = YES;
				GCC_WARN_UNINITIALIZED_AUTOS = YES_AGGRESSIVE;
				GCC_WARN_UNUSED_FUNCTION = YES;
				GCC_WARN_UNUSED_VARIABLE = YES;
				IPHONEOS_DEPLOYMENT_TARGET = 10.3;
				MTL_ENABLE_DEBUG_INFO = NO;
				SDKROOT = iphoneos;
				SWIFT_OPTIMIZATION_LEVEL = "-Owholemodule";
				VALIDATE_PRODUCT = YES;
			};
			name = Release;
		};
		F8179F001E41623000DB7852 /* Debug */ = {
			isa = XCBuildConfiguration;
			buildSettings = {
				ASSETCATALOG_COMPILER_APPICON_NAME = AppIcon;
				DEVELOPMENT_TEAM = WE96DN98CR;
				INFOPLIST_FILE = HideMe/Info.plist;
				LD_RUNPATH_SEARCH_PATHS = "$(inherited) @executable_path/Frameworks";
				PRODUCT_BUNDLE_IDENTIFIER = com.yvesbinda.HideMe;
				PRODUCT_NAME = "$(TARGET_NAME)";
				SWIFT_VERSION = 3.0;
			};
			name = Debug;
		};
		F8179F011E41623000DB7852 /* Release */ = {
			isa = XCBuildConfiguration;
			buildSettings = {
				ASSETCATALOG_COMPILER_APPICON_NAME = AppIcon;
				DEVELOPMENT_TEAM = WE96DN98CR;
				INFOPLIST_FILE = HideMe/Info.plist;
				LD_RUNPATH_SEARCH_PATHS = "$(inherited) @executable_path/Frameworks";
				PRODUCT_BUNDLE_IDENTIFIER = com.yvesbinda.HideMe;
				PRODUCT_NAME = "$(TARGET_NAME)";
				SWIFT_VERSION = 3.0;
			};
			name = Release;
		};
/* End XCBuildConfiguration section */

/* Begin XCConfigurationList section */
		F8179EE81E41622F00DB7852 /* Build configuration list for PBXProject "HideMe" */ = {
			isa = XCConfigurationList;
			buildConfigurations = (
				F8179EFD1E41623000DB7852 /* Debug */,
				F8179EFE1E41623000DB7852 /* Release */,
			);
			defaultConfigurationIsVisible = 0;
			defaultConfigurationName = Release;
		};
		F8179EFF1E41623000DB7852 /* Build configuration list for PBXNativeTarget "HideMe" */ = {
			isa = XCConfigurationList;
			buildConfigurations = (
				F8179F001E41623000DB7852 /* Debug */,
				F8179F011E41623000DB7852 /* Release */,
			);
			defaultConfigurationIsVisible = 0;
		};
/* End XCConfigurationList section */
	};
	rootObject = F8179EE51E41622F00DB7852 /* Project object */;
}
